
Microsoft Visual Studio Solution File, Format Version 12.00
# Visual Studio 2013
VisualStudioVersion = 12.0.31101.0
MinimumVisualStudioVersion = 10.0.40219.1
Project("{FAE04EC0-301F-11D3-BF4B-00C04F79EFBC}") = "SqlServerAggregateFunctions", "SqlServerAggregateFunctions\SqlServerAggregateFunctions.csproj", "{BD0C91DF-7CA4-42DB-9E09-5F4C700150E7}"
EndProject
Global
	GlobalSection(SolutionConfigurationPlatforms) = preSolution
		Debug|Any CPU = Debug|Any CPU
		Release|Any CPU = Release|Any CPU
	EndGlobalSection
	GlobalSection(ProjectConfigurationPlatforms) = postSolution
		{BD0C91DF-7CA4-42DB-9E09-5F4C700150E7}.Debug|Any CPU.ActiveCfg = Debug|Any CPU
		{BD0C91DF-7CA4-42DB-9E09-5F4C700150E7}.Debug|Any CPU.Build.0 = Debug|Any CPU
		{BD0C91DF-7CA4-42DB-9E09-5F4C700150E7}.Release|Any CPU.ActiveCfg = Release|Any CPU
		{BD0C91DF-7CA4-42DB-9E09-5F4C700150E7}.Release|Any CPU.Build.0 = Release|Any CPU
	EndGlobalSection
	GlobalSection(SolutionProperties) = preSolution
		HideSolutionNode = FALSE
	EndGlobalSection
EndGlobal
